<?xml version="1.0" encoding="utf-8"?>
<Project ToolsVersion="4.0" xmlns="http://schemas.microsoft.com/developer/msbuild/2003">
  <ItemGroup>
    <Filter Include="Source Files">
      <UniqueIdentifier>{4FC737F1-C7A5-4376-A066-2A32D752A2FF}</UniqueIdentifier>
      <Extensions>cpp;c;cc;cxx;c++;def;odl;idl;hpj;bat;asm;asmx</Extensions>
    </Filter>
    <Filter Include="Header Files">
      <UniqueIdentifier>{93995380-89BD-4b04-88EB-625FBE52EBFB}</UniqueIdentifier>
      <Extensions>h;hh;hpp;hxx;h++;hm;inl;inc;ipp;xsd</Extensions>
    </Filter>
    <Filter Include="Resource Files">
      <UniqueIdentifier>{67DA6AB6-F800-4c08-8B7A-83BB121AAD01}</UniqueIdentifier>
      <Extensions>rc;ico;cur;bmp;dlg;rc2;rct;bin;rgs;gif;jpg;jpeg;jpe;resx;tiff;tif;png;wav;mfcribbon-ms</Extensions>
    </Filter>
    <Filter Include="Header Files\Graphics">
      <UniqueIdentifier>{ca9ab5fd-c065-44f4-9286-c4a51e11fca2}</UniqueIdentifier>
    </Filter>
    <Filter Include="Source Files\Graphics">
      <UniqueIdentifier>{05d7cd40-17ee-48ee-a6dc-d2de0ef91347}</UniqueIdentifier>
    </Filter>
    <Filter Include="Header Files\Game">
      <UniqueIdentifier>{d77ce8b3-9a06-4b14-9adf-222b0580191c}</UniqueIdentifier>
    </Filter>
    <Filter Include="Source Files\Game">
      <UniqueIdentifier>{b56e84d8-0d9c-4747-a077-dc47c0b8a739}</UniqueIdentifier>
    </Filter>
    <Filter Include="Source Files\GameObject">
      <UniqueIdentifier>{f9a84caa-e6de-4456-8782-21d4076afec2}</UniqueIdentifier>
    </Filter>
    <Filter Include="Header Files\GameObject">
      <UniqueIdentifier>{964d2962-854e-4f36-845b-73f6339d93d9}</UniqueIdentifier>
    </Filter>
    <Filter Include="Source Files\GameObject\Physics">
      <UniqueIdentifier>{b3189a6b-27cd-4672-bef4-1815135a0971}</UniqueIdentifier>
    </Filter>
    <Filter Include="Header Files\GameObject\Physics">
      <UniqueIdentifier>{a65e4ce0-bb7f-4a4a-9073-cc58e3b8c13b}</UniqueIdentifier>
    </Filter>
    <Filter Include="Header Files\InputManager">
      <UniqueIdentifier>{7407963c-9964-462e-9d13-39b7d7449d58}</UniqueIdentifier>
    </Filter>
    <Filter Include="Source Files\InputManager">
      <UniqueIdentifier>{e0584656-bb36-4df9-a953-c43bc54e7437}</UniqueIdentifier>
    </Filter>
  </ItemGroup>
  <ItemGroup>
    <ClCompile Include="main.cpp">
      <Filter>Source Files</Filter>
    </ClCompile>
    <ClCompile Include="SOC_Graphics.cpp">
      <Filter>Source Files\Graphics</Filter>
    </ClCompile>
    <ClCompile Include="SOC_GameController.cpp">
      <Filter>Source Files\Game</Filter>
    </ClCompile>
    <ClCompile Include="SOC_Level1.cpp">
      <Filter>Source Files</Filter>
    </ClCompile>
    <ClCompile Include="SOC_Spritesheet.cpp">
      <Filter>Source Files\Graphics</Filter>
    </ClCompile>
    <ClCompile Include="SOC_GameObject.cpp">
      <Filter>Source Files\GameObject</Filter>
    </ClCompile>
    <ClCompile Include="SOC_Vector.cpp">
      <Filter>Source Files</Filter>
    </ClCompile>
    <ClCompile Include="SOC_Physics.cpp">
      <Filter>Source Files\GameObject\Physics</Filter>
    </ClCompile>
    <ClCompile Include="GamePad.cpp">
      <Filter>Source Files\InputManager</Filter>
    </ClCompile>
    <ClCompile Include="SOC_GameLevel.cpp">
      <Filter>Source Files\Game</Filter>
    </ClCompile>
  </ItemGroup>
  <ItemGroup>
    <ClInclude Include="SOC_Graphics.h">
      <Filter>Header Files\Graphics</Filter>
    </ClInclude>
    <ClInclude Include="SOC_GameLevel.h">
      <Filter>Header Files\Game</Filter>
    </ClInclude>
    <ClInclude Include="SOC_GameController.h">
      <Filter>Header Files\Game</Filter>
    </ClInclude>
    <ClInclude Include="SOC_Level1.h">
      <Filter>Header Files</Filter>
    </ClInclude>
    <ClInclude Include="SOC_Spritesheet.h">
      <Filter>Header Files\Graphics</Filter>
    </ClInclude>
    <ClInclude Include="SOC_GameObject.h">
      <Filter>Header Files\GameObject</Filter>
    </ClInclude>
    <ClInclude Include="SOC_Physics.h">
      <Filter>Header Files\GameObject\Physics</Filter>
    </ClInclude>
    <ClInclude Include="SOC_Vector.h">
      <Filter>Header Files</Filter>
    </ClInclude>
    <ClInclude Include="GamePad.h">
      <Filter>Header Files\InputManager</Filter>
    </ClInclude>
    <ClInclude Include="GameInput.h">
      <Filter>Header Files</Filter>
    </ClInclude>
  </ItemGroup>
  <ItemGroup>
    <Image Include="test.png">
      <Filter>Resource Files</Filter>
    </Image>
    <Image Include="SpaceZapEnemyDown.png">
      <Filter>Resource Files</Filter>
    </Image>
    <Image Include="SpaceZapEnemyLeft.png">
      <Filter>Resource Files</Filter>
    </Image>
    <Image Include="SpaceZapEnemyRight.png">
      <Filter>Resource Files</Filter>
    </Image>
    <Image Include="SpaceZapEnemyUp.png">
      <Filter>Resource Files</Filter>
    </Image>
    <Image Include="PlayerDown.png">
      <Filter>Resource Files</Filter>
    </Image>
    <Image Include="PlayerLeft.png">
      <Filter>Resource Files</Filter>
    </Image>
    <Image Include="PlayerRight.png">
      <Filter>Resource Files</Filter>
    </Image>
    <Image Include="PlayerUp.png">
      <Filter>Resource Files</Filter>
    </Image>
    <Image Include="EnemyBullet.png">
      <Filter>Resource Files</Filter>
    </Image>
  </ItemGroup>
</Project>