<?xml version="1.0" encoding="utf-8"?>
<Project ToolsVersion="4.0" xmlns="http://schemas.microsoft.com/developer/msbuild/2003">
  <ItemGroup>
    <Filter Include="Common">
      <UniqueIdentifier>2b46bbf5-6d5d-4b11-8f23-ef9b01d3b042</UniqueIdentifier>
    </Filter>
    <Filter Include="Assets">
      <UniqueIdentifier>db333108-bc90-441d-96e6-b5f89106370f</UniqueIdentifier>
      <Extensions>bmp;fbx;gif;jpg;jpeg;tga;tiff;tif;png</Extensions>
    </Filter>
    <Filter Include="Content">
      <UniqueIdentifier>2536fc0a-396b-4e9b-88a7-d6f434a59a46</UniqueIdentifier>
    </Filter>
    <Image Include="Assets\LockScreenLogo.scale-200.png">
      <Filter>Assets</Filter>
    </Image>
    <Image Include="Assets\SplashScreen.scale-200.png">
      <Filter>Assets</Filter>
    </Image>
    <Image Include="Assets\Square150x150Logo.scale-200.png">
      <Filter>Assets</Filter>
    </Image>
    <Image Include="Assets\Square44x44Logo.scale-200.png">
      <Filter>Assets</Filter>
    </Image>
    <Image Include="Assets\Square44x44Logo.targetsize-24_altform-unplated.png">
      <Filter>Assets</Filter>
    </Image>
    <Image Include="Assets\Wide310x150Logo.scale-200.png">
      <Filter>Assets</Filter>
    </Image>
    <Filter Include="Content\Physics">
      <UniqueIdentifier>{09ba2ae5-7a50-488c-9fdd-677aba600bf8}</UniqueIdentifier>
    </Filter>
    <Filter Include="Content\Physics\Headers">
      <UniqueIdentifier>{f51d86cf-bc3e-4da0-911a-500935cca55e}</UniqueIdentifier>
    </Filter>
    <Filter Include="Content\Physics\Source">
      <UniqueIdentifier>{58f94aee-793e-4b34-9b31-b62466152b85}</UniqueIdentifier>
    </Filter>
    <Filter Include="Content\GameObject">
      <UniqueIdentifier>{a6ab9382-0b66-45cd-ba8d-72fbb4d6154a}</UniqueIdentifier>
    </Filter>
    <Filter Include="Content\Physics\Headers\Collisions">
      <UniqueIdentifier>{2e93ca2d-46e4-4713-8840-7e234418df6c}</UniqueIdentifier>
    </Filter>
  </ItemGroup>
  <ItemGroup>
    <ClCompile Include="pch.cpp" />
    <ClCompile Include="App.cpp">
      <Filter>Content</Filter>
    </ClCompile>
    <ClCompile Include="Game.cpp">
      <Filter>Content</Filter>
    </ClCompile>
    <ClCompile Include="SOC_GameObject.cpp">
      <Filter>Content\GameObject</Filter>
    </ClCompile>
  </ItemGroup>
  <ItemGroup>
    <ClInclude Include="pch.h" />
    <ClInclude Include="Game.h">
      <Filter>Content</Filter>
    </ClInclude>
    <ClInclude Include="SOC_GameObject.h">
      <Filter>Content\GameObject</Filter>
    </ClInclude>
    <ClInclude Include="SOC_VectorMath.h">
      <Filter>Content\Physics\Headers</Filter>
    </ClInclude>
    <ClInclude Include="SOC_Particle2D.h">
      <Filter>Content\Physics\Headers</Filter>
    </ClInclude>
    <ClInclude Include="SOC_ObjectType.h">
      <Filter>Content\Physics\Headers</Filter>
    </ClInclude>
    <ClInclude Include="SOC_CollisionHull2D.h">
      <Filter>Content\Physics\Headers\Collisions</Filter>
    </ClInclude>
    <ClInclude Include="SOC_CircleCollisionHull2D.h">
      <Filter>Content\Physics\Headers\Collisions</Filter>
    </ClInclude>
    <ClInclude Include="SOC_OBBCollisionHull2D.h">
      <Filter>Content\Physics\Headers\Collisions</Filter>
    </ClInclude>
    <ClInclude Include="SOC_AABBCollisionHull2D.h">
      <Filter>Content\Physics\Headers\Collisions</Filter>
    </ClInclude>
  </ItemGroup>
  <ItemGroup>
    <Image Include="Assets\StoreLogo.png">
      <Filter>Assets</Filter>
    </Image>
  </ItemGroup>
  <ItemGroup>
    <AppxManifest Include="Package.appxmanifest" />
  </ItemGroup>
  <ItemGroup>
    <FxCompile Include="PixelShader.hlsl">
      <Filter>Content</Filter>
    </FxCompile>
    <FxCompile Include="VertexShader.hlsl">
      <Filter>Content</Filter>
    </FxCompile>
  </ItemGroup>
</Project>